PODS:
  - battery_level (0.0.1):
    - Flutter
  - Flutter (1.0.0)

DEPENDENCIES:
  - battery_level (from `.symlinks/plugins/battery_level/ios`)
  - Flutter (from `Flutter`)

EXTERNAL SOURCES:
  battery_level:
    :path: ".symlinks/plugins/battery_level/ios"
  Flutter:
    :path: Flutter

SPEC CHECKSUMS:
  battery_level: d6b4ac3a3e8a5aaf0f62386c10a034b1655a17ca
  Flutter: f04841e97a9d0b0a8025694d0796dd46242b2854

PODFILE CHECKSUM: ef19549a9bc3046e7bb7d2fab4d021637c0c58a3

COCOAPODS: 1.11.3
